
Microsoft Visual Studio Solution File, Format Version 12.00
# Visual Studio Version 17
VisualStudioVersion = 17.10.35013.160
MinimumVisualStudioVersion = 10.0.40219.1
Project("{9723AF6A-44BA-4F05-8B1E-B027D06FA3D4}") = "BeaconAr.Data", "BeaconAr.Data\BeaconAr.Data.csproj", "{FE9D8D97-B946-4955-B4B4-E0B90C8C03FC}"
EndProject
Project("{9723AF6A-44BA-4F05-8B1E-B027D06FA3D4}") = "BeaconAr.Domain", "BeaconAr.Domain\BeaconAr.Domain.csproj", "{0E0CF60F-3BB6-4DB6-9EB9-28F3DDEFC693}"
EndProject
Project("{9723AF6A-44BA-4F05-8B1E-B027D06FA3D4}") = "BeaconAr.Providers", "BeaconAr.Providers\BeaconAr.Providers.csproj", "{D04756AD-92C9-4FF4-9418-D4739FFA50DC}"
EndProject
Project("{9723AF6A-44BA-4F05-8B1E-B027D06FA3D4}") = "BeaconAr.Interfaces", "BeaconAr.Interfaces\BeaconAr.Interfaces.csproj", "{00268E15-6EA6-4545-ABED-AA49A39EA00F}"
EndProject
Project("{9723AF6A-44BA-4F05-8B1E-B027D06FA3D4}") = "BeaconAr.WebApi", "BeaconAr.WebApi\BeaconAr.WebApi.csproj", "{7AD8A0E0-A2F5-466B-9C0B-A18A1D955F92}"
EndProject
Project("{F49DE3BF-B620-4471-8B45-9002DE756CA0}") = "BeaconAr.CodeGenerator", "BeaconAr.CodeGenerator\BeaconAr.CodeGenerator.csproj", "{3BA0A1F5-2EF9-4873-962A-0FA1C0DD3C81}"
EndProject
Project("{2150E333-8FDC-42A3-9474-1A3956D46DE8}") = "01.Host", "01.Host", "{08511E73-2B70-8AF2-FBA3-1C562E86FCCC}"
EndProject
Project("{FAE04EC0-301F-11D3-BF4B-00C04F79EFBC}") = "BeaconAr.ServiceDefaults", "BeaconAr.ServiceDefaults\BeaconAr.ServiceDefaults.csproj", "{A40AAD56-58C8-486D-A9BE-21FFF87A806D}"
EndProject
Project("{FAE04EC0-301F-11D3-BF4B-00C04F79EFBC}") = "BeaconAr.DatabaseBootstrap", "BeaconAr.DatabaseBootstrap\BeaconAr.DatabaseBootstrap.csproj", "{9A3A4955-ED5E-4DE8-A516-1A953543E7C6}"
EndProject
Project("{FAE04EC0-301F-11D3-BF4B-00C04F79EFBC}") = "BeaconAr.AppHost", "BeaconAr.AppHost\BeaconAr.AppHost.csproj", "{F5CC958F-DBBD-4703-A207-2896C315344C}"
EndProject
Project("{2150E333-8FDC-42A3-9474-1A3956D46DE8}") = "02.Tools", "02.Tools", "{B8143BEF-6B1B-A401-B37D-E353F092D059}"
EndProject
Project("{42EA0DBD-9CF1-443E-919E-BE9C484E4577}") = "BeaconAr.Database", "database\BeaconAr.Database.sqlproj", "{36012A89-DEB7-49AF-AA8F-2C0B1C3289BF}"
EndProject
Project("{2150E333-8FDC-42A3-9474-1A3956D46DE8}") = "03.Tests", "03.Tests", "{D1C71A15-47CF-88DA-8B2E-51BCE58FAE6A}"
EndProject
Project("{FAE04EC0-301F-11D3-BF4B-00C04F79EFBC}") = "BeaconAr.Domain.Tests", "..\tests\BeaconAr.Domain.Tests\BeaconAr.Domain.Tests.csproj", "{6F7EC239-9684-4FD2-BA60-60B4B21FC2BC}"
EndProject
Project("{FAE04EC0-301F-11D3-BF4B-00C04F79EFBC}") = "BeaconAr.Architecture.Tests", "..\tests\BeaconAr.Architecture.Tests\BeaconAr.Architecture.Tests.csproj", "{905F50E1-8FD5-4374-B9B0-F06C8663620F}"
EndProject
Project("{FAE04EC0-301F-11D3-BF4B-00C04F79EFBC}") = "BeaconAr.Database.IntegrationTests", "..\tests\BeaconAr.Database.IntegrationTests\BeaconAr.Database.IntegrationTests.csproj", "{2F3DC4D7-EC5C-417C-8A87-EC1A71C1F57D}"
EndProject
Project("{FAE04EC0-301F-11D3-BF4B-00C04F79EFBC}") = "BeaconAr.DatabaseBootstrap.Tests", "..\tests\BeaconAr.DatabaseBootstrap.Tests\BeaconAr.DatabaseBootstrap.Tests.csproj", "{31FF0D2C-F341-4FF5-99DF-C2911C5D56F6}"
EndProject
Project("{FAE04EC0-301F-11D3-BF4B-00C04F79EFBC}") = "BeaconAr.Providers.Tests", "..\tests\BeaconAr.Providers.Tests\BeaconAr.Providers.Tests.csproj", "{A1F4C090-7688-47C7-9312-E5A3E8F3AD6B}"
EndProject
Project("{FAE04EC0-301F-11D3-BF4B-00C04F79EFBC}") = "BeaconAr.WebApi.Tests", "..\tests\BeaconAr.WebApi.Tests\BeaconAr.WebApi.Tests.csproj", "{4B8D6581-423C-4954-BD71-7EA80EE5FE0D}"
EndProject
Global
	GlobalSection(SolutionConfigurationPlatforms) = preSolution
		Debug|Any CPU = Debug|Any CPU
		Debug|x64 = Debug|x64
		Debug|x86 = Debug|x86
		Release|Any CPU = Release|Any CPU
		Release|x64 = Release|x64
		Release|x86 = Release|x86
	EndGlobalSection
	GlobalSection(ProjectConfigurationPlatforms) = postSolution
		{FE9D8D97-B946-4955-B4B4-E0B90C8C03FC}.Debug|Any CPU.ActiveCfg = Debug|Any CPU
		{FE9D8D97-B946-4955-B4B4-E0B90C8C03FC}.Debug|Any CPU.Build.0 = Debug|Any CPU
		{FE9D8D97-B946-4955-B4B4-E0B90C8C03FC}.Debug|x64.ActiveCfg = Debug|x64
		{FE9D8D97-B946-4955-B4B4-E0B90C8C03FC}.Debug|x64.Build.0 = Debug|x64
		{FE9D8D97-B946-4955-B4B4-E0B90C8C03FC}.Debug|x86.ActiveCfg = Debug|x86
		{FE9D8D97-B946-4955-B4B4-E0B90C8C03FC}.Debug|x86.Build.0 = Debug|x86
		{FE9D8D97-B946-4955-B4B4-E0B90C8C03FC}.Release|Any CPU.ActiveCfg = Release|Any CPU
		{FE9D8D97-B946-4955-B4B4-E0B90C8C03FC}.Release|Any CPU.Build.0 = Release|Any CPU
		{FE9D8D97-B946-4955-B4B4-E0B90C8C03FC}.Release|x64.ActiveCfg = Release|x64
		{FE9D8D97-B946-4955-B4B4-E0B90C8C03FC}.Release|x64.Build.0 = Release|x64
		{FE9D8D97-B946-4955-B4B4-E0B90C8C03FC}.Release|x86.ActiveCfg = Release|x86
		{FE9D8D97-B946-4955-B4B4-E0B90C8C03FC}.Release|x86.Build.0 = Release|x86
		{0E0CF60F-3BB6-4DB6-9EB9-28F3DDEFC693}.Debug|Any CPU.ActiveCfg = Debug|Any CPU
		{0E0CF60F-3BB6-4DB6-9EB9-28F3DDEFC693}.Debug|Any CPU.Build.0 = Debug|Any CPU
		{0E0CF60F-3BB6-4DB6-9EB9-28F3DDEFC693}.Debug|x64.ActiveCfg = Debug|x64
		{0E0CF60F-3BB6-4DB6-9EB9-28F3DDEFC693}.Debug|x64.Build.0 = Debug|x64
		{0E0CF60F-3BB6-4DB6-9EB9-28F3DDEFC693}.Debug|x86.ActiveCfg = Debug|x86
		{0E0CF60F-3BB6-4DB6-9EB9-28F3DDEFC693}.Debug|x86.Build.0 = Debug|x86
		{0E0CF60F-3BB6-4DB6-9EB9-28F3DDEFC693}.Release|Any CPU.ActiveCfg = Release|Any CPU
		{0E0CF60F-3BB6-4DB6-9EB9-28F3DDEFC693}.Release|Any CPU.Build.0 = Release|Any CPU
		{0E0CF60F-3BB6-4DB6-9EB9-28F3DDEFC693}.Release|x64.ActiveCfg = Release|x64
		{0E0CF60F-3BB6-4DB6-9EB9-28F3DDEFC693}.Release|x64.Build.0 = Release|x64
		{0E0CF60F-3BB6-4DB6-9EB9-28F3DDEFC693}.Release|x86.ActiveCfg = Release|x86
		{0E0CF60F-3BB6-4DB6-9EB9-28F3DDEFC693}.Release|x86.Build.0 = Release|x86
		{D04756AD-92C9-4FF4-9418-D4739FFA50DC}.Debug|Any CPU.ActiveCfg = Debug|Any CPU
		{D04756AD-92C9-4FF4-9418-D4739FFA50DC}.Debug|Any CPU.Build.0 = Debug|Any CPU
		{D04756AD-92C9-4FF4-9418-D4739FFA50DC}.Debug|x64.ActiveCfg = Debug|x64
		{D04756AD-92C9-4FF4-9418-D4739FFA50DC}.Debug|x64.Build.0 = Debug|x64
		{D04756AD-92C9-4FF4-9418-D4739FFA50DC}.Debug|x86.ActiveCfg = Debug|x86
		{D04756AD-92C9-4FF4-9418-D4739FFA50DC}.Debug|x86.Build.0 = Debug|x86
		{D04756AD-92C9-4FF4-9418-D4739FFA50DC}.Release|Any CPU.ActiveCfg = Release|Any CPU
		{D04756AD-92C9-4FF4-9418-D4739FFA50DC}.Release|Any CPU.Build.0 = Release|Any CPU
		{D04756AD-92C9-4FF4-9418-D4739FFA50DC}.Release|x64.ActiveCfg = Release|x64
		{D04756AD-92C9-4FF4-9418-D4739FFA50DC}.Release|x64.Build.0 = Release|x64
		{D04756AD-92C9-4FF4-9418-D4739FFA50DC}.Release|x86.ActiveCfg = Release|x86
		{D04756AD-92C9-4FF4-9418-D4739FFA50DC}.Release|x86.Build.0 = Release|x86
		{00268E15-6EA6-4545-ABED-AA49A39EA00F}.Debug|Any CPU.ActiveCfg = Debug|Any CPU
		{00268E15-6EA6-4545-ABED-AA49A39EA00F}.Debug|Any CPU.Build.0 = Debug|Any CPU
		{00268E15-6EA6-4545-ABED-AA49A39EA00F}.Debug|x64.ActiveCfg = Debug|x64
		{00268E15-6EA6-4545-ABED-AA49A39EA00F}.Debug|x64.Build.0 = Debug|x64
		{00268E15-6EA6-4545-ABED-AA49A39EA00F}.Debug|x86.ActiveCfg = Debug|x86
		{00268E15-6EA6-4545-ABED-AA49A39EA00F}.Debug|x86.Build.0 = Debug|x86
		{00268E15-6EA6-4545-ABED-AA49A39EA00F}.Release|Any CPU.ActiveCfg = Release|Any CPU
		{00268E15-6EA6-4545-ABED-AA49A39EA00F}.Release|Any CPU.Build.0 = Release|Any CPU
		{00268E15-6EA6-4545-ABED-AA49A39EA00F}.Release|x64.ActiveCfg = Release|x64
		{00268E15-6EA6-4545-ABED-AA49A39EA00F}.Release|x64.Build.0 = Release|x64
		{00268E15-6EA6-4545-ABED-AA49A39EA00F}.Release|x86.ActiveCfg = Release|x86
		{00268E15-6EA6-4545-ABED-AA49A39EA00F}.Release|x86.Build.0 = Release|x86
		{7AD8A0E0-A2F5-466B-9C0B-A18A1D955F92}.Debug|Any CPU.ActiveCfg = Debug|Any CPU
		{7AD8A0E0-A2F5-466B-9C0B-A18A1D955F92}.Debug|Any CPU.Build.0 = Debug|Any CPU
		{7AD8A0E0-A2F5-466B-9C0B-A18A1D955F92}.Debug|x64.ActiveCfg = Debug|x64
		{7AD8A0E0-A2F5-466B-9C0B-A18A1D955F92}.Debug|x64.Build.0 = Debug|x64
		{7AD8A0E0-A2F5-466B-9C0B-A18A1D955F92}.Debug|x86.ActiveCfg = Debug|x86
		{7AD8A0E0-A2F5-466B-9C0B-A18A1D955F92}.Debug|x86.Build.0 = Debug|x86
		{7AD8A0E0-A2F5-466B-9C0B-A18A1D955F92}.Release|Any CPU.ActiveCfg = Release|Any CPU
		{7AD8A0E0-A2F5-466B-9C0B-A18A1D955F92}.Release|Any CPU.Build.0 = Release|Any CPU
		{7AD8A0E0-A2F5-466B-9C0B-A18A1D955F92}.Release|x64.ActiveCfg = Release|x64
		{7AD8A0E0-A2F5-466B-9C0B-A18A1D955F92}.Release|x64.Build.0 = Release|x64
		{7AD8A0E0-A2F5-466B-9C0B-A18A1D955F92}.Release|x86.ActiveCfg = Release|x86
		{7AD8A0E0-A2F5-466B-9C0B-A18A1D955F92}.Release|x86.Build.0 = Release|x86
		{3BA0A1F5-2EF9-4873-962A-0FA1C0DD3C81}.Debug|Any CPU.ActiveCfg = Debug|Any CPU
		{3BA0A1F5-2EF9-4873-962A-0FA1C0DD3C81}.Debug|Any CPU.Build.0 = Debug|Any CPU
		{3BA0A1F5-2EF9-4873-962A-0FA1C0DD3C81}.Debug|x64.ActiveCfg = Debug|x64
		{3BA0A1F5-2EF9-4873-962A-0FA1C0DD3C81}.Debug|x64.Build.0 = Debug|x64
		{3BA0A1F5-2EF9-4873-962A-0FA1C0DD3C81}.Debug|x86.ActiveCfg = Debug|x86
		{3BA0A1F5-2EF9-4873-962A-0FA1C0DD3C81}.Debug|x86.Build.0 = Debug|x86
		{3BA0A1F5-2EF9-4873-962A-0FA1C0DD3C81}.Release|Any CPU.ActiveCfg = Release|Any CPU
		{3BA0A1F5-2EF9-4873-962A-0FA1C0DD3C81}.Release|Any CPU.Build.0 = Release|Any CPU
		{3BA0A1F5-2EF9-4873-962A-0FA1C0DD3C81}.Release|x64.ActiveCfg = Release|x64
		{3BA0A1F5-2EF9-4873-962A-0FA1C0DD3C81}.Release|x64.Build.0 = Release|x64
		{3BA0A1F5-2EF9-4873-962A-0FA1C0DD3C81}.Release|x86.ActiveCfg = Release|x86
		{3BA0A1F5-2EF9-4873-962A-0FA1C0DD3C81}.Release|x86.Build.0 = Release|x86
		{A40AAD56-58C8-486D-A9BE-21FFF87A806D}.Debug|Any CPU.ActiveCfg = Debug|Any CPU
		{A40AAD56-58C8-486D-A9BE-21FFF87A806D}.Debug|Any CPU.Build.0 = Debug|Any CPU
		{A40AAD56-58C8-486D-A9BE-21FFF87A806D}.Debug|x64.ActiveCfg = Debug|Any CPU
		{A40AAD56-58C8-486D-A9BE-21FFF87A806D}.Debug|x64.Build.0 = Debug|Any CPU
		{A40AAD56-58C8-486D-A9BE-21FFF87A806D}.Debug|x86.ActiveCfg = Debug|Any CPU
		{A40AAD56-58C8-486D-A9BE-21FFF87A806D}.Debug|x86.Build.0 = Debug|Any CPU
		{A40AAD56-58C8-486D-A9BE-21FFF87A806D}.Release|Any CPU.ActiveCfg = Release|Any CPU
		{A40AAD56-58C8-486D-A9BE-21FFF87A806D}.Release|Any CPU.Build.0 = Release|Any CPU
		{A40AAD56-58C8-486D-A9BE-21FFF87A806D}.Release|x64.ActiveCfg = Release|Any CPU
		{A40AAD56-58C8-486D-A9BE-21FFF87A806D}.Release|x64.Build.0 = Release|Any CPU
		{A40AAD56-58C8-486D-A9BE-21FFF87A806D}.Release|x86.ActiveCfg = Release|Any CPU
		{A40AAD56-58C8-486D-A9BE-21FFF87A806D}.Release|x86.Build.0 = Release|Any CPU
		{9A3A4955-ED5E-4DE8-A516-1A953543E7C6}.Debug|Any CPU.ActiveCfg = Debug|Any CPU
		{9A3A4955-ED5E-4DE8-A516-1A953543E7C6}.Debug|Any CPU.Build.0 = Debug|Any CPU
		{9A3A4955-ED5E-4DE8-A516-1A953543E7C6}.Debug|x64.ActiveCfg = Debug|Any CPU
		{9A3A4955-ED5E-4DE8-A516-1A953543E7C6}.Debug|x64.Build.0 = Debug|Any CPU
		{9A3A4955-ED5E-4DE8-A516-1A953543E7C6}.Debug|x86.ActiveCfg = Debug|Any CPU
		{9A3A4955-ED5E-4DE8-A516-1A953543E7C6}.Debug|x86.Build.0 = Debug|Any CPU
		{9A3A4955-ED5E-4DE8-A516-1A953543E7C6}.Release|Any CPU.ActiveCfg = Release|Any CPU
		{9A3A4955-ED5E-4DE8-A516-1A953543E7C6}.Release|Any CPU.Build.0 = Release|Any CPU
		{9A3A4955-ED5E-4DE8-A516-1A953543E7C6}.Release|x64.ActiveCfg = Release|Any CPU
		{9A3A4955-ED5E-4DE8-A516-1A953543E7C6}.Release|x64.Build.0 = Release|Any CPU
		{9A3A4955-ED5E-4DE8-A516-1A953543E7C6}.Release|x86.ActiveCfg = Release|Any CPU
		{9A3A4955-ED5E-4DE8-A516-1A953543E7C6}.Release|x86.Build.0 = Release|Any CPU
		{F5CC958F-DBBD-4703-A207-2896C315344C}.Debug|Any CPU.ActiveCfg = Debug|Any CPU
		{F5CC958F-DBBD-4703-A207-2896C315344C}.Debug|Any CPU.Build.0 = Debug|Any CPU
		{F5CC958F-DBBD-4703-A207-2896C315344C}.Debug|x64.ActiveCfg = Debug|Any CPU
		{F5CC958F-DBBD-4703-A207-2896C315344C}.Debug|x64.Build.0 = Debug|Any CPU
		{F5CC958F-DBBD-4703-A207-2896C315344C}.Debug|x86.ActiveCfg = Debug|Any CPU
		{F5CC958F-DBBD-4703-A207-2896C315344C}.Debug|x86.Build.0 = Debug|Any CPU
		{F5CC958F-DBBD-4703-A207-2896C315344C}.Release|Any CPU.ActiveCfg = Release|Any CPU
		{F5CC958F-DBBD-4703-A207-2896C315344C}.Release|Any CPU.Build.0 = Release|Any CPU
		{F5CC958F-DBBD-4703-A207-2896C315344C}.Release|x64.ActiveCfg = Release|Any CPU
		{F5CC958F-DBBD-4703-A207-2896C315344C}.Release|x64.Build.0 = Release|Any CPU
		{F5CC958F-DBBD-4703-A207-2896C315344C}.Release|x86.ActiveCfg = Release|Any CPU
		{F5CC958F-DBBD-4703-A207-2896C315344C}.Release|x86.Build.0 = Release|Any CPU
		{36012A89-DEB7-49AF-AA8F-2C0B1C3289BF}.Debug|Any CPU.ActiveCfg = Debug|Any CPU
		{36012A89-DEB7-49AF-AA8F-2C0B1C3289BF}.Debug|Any CPU.Build.0 = Debug|Any CPU
		{36012A89-DEB7-49AF-AA8F-2C0B1C3289BF}.Debug|x64.ActiveCfg = Debug|Any CPU
		{36012A89-DEB7-49AF-AA8F-2C0B1C3289BF}.Debug|x64.Build.0 = Debug|Any CPU
		{36012A89-DEB7-49AF-AA8F-2C0B1C3289BF}.Debug|x86.ActiveCfg = Debug|Any CPU
		{36012A89-DEB7-49AF-AA8F-2C0B1C3289BF}.Debug|x86.Build.0 = Debug|Any CPU
		{36012A89-DEB7-49AF-AA8F-2C0B1C3289BF}.Release|Any CPU.ActiveCfg = Release|Any CPU
		{36012A89-DEB7-49AF-AA8F-2C0B1C3289BF}.Release|Any CPU.Build.0 = Release|Any CPU
		{36012A89-DEB7-49AF-AA8F-2C0B1C3289BF}.Release|x64.ActiveCfg = Release|Any CPU
		{36012A89-DEB7-49AF-AA8F-2C0B1C3289BF}.Release|x64.Build.0 = Release|Any CPU
		{36012A89-DEB7-49AF-AA8F-2C0B1C3289BF}.Release|x86.ActiveCfg = Release|Any CPU
		{36012A89-DEB7-49AF-AA8F-2C0B1C3289BF}.Release|x86.Build.0 = Release|Any CPU
		{6F7EC239-9684-4FD2-BA60-60B4B21FC2BC}.Debug|Any CPU.ActiveCfg = Debug|Any CPU
		{6F7EC239-9684-4FD2-BA60-60B4B21FC2BC}.Debug|Any CPU.Build.0 = Debug|Any CPU
		{6F7EC239-9684-4FD2-BA60-60B4B21FC2BC}.Debug|x64.ActiveCfg = Debug|Any CPU
		{6F7EC239-9684-4FD2-BA60-60B4B21FC2BC}.Debug|x64.Build.0 = Debug|Any CPU
		{6F7EC239-9684-4FD2-BA60-60B4B21FC2BC}.Debug|x86.ActiveCfg = Debug|Any CPU
		{6F7EC239-9684-4FD2-BA60-60B4B21FC2BC}.Debug|x86.Build.0 = Debug|Any CPU
		{6F7EC239-9684-4FD2-BA60-60B4B21FC2BC}.Release|Any CPU.ActiveCfg = Release|Any CPU
		{6F7EC239-9684-4FD2-BA60-60B4B21FC2BC}.Release|Any CPU.Build.0 = Release|Any CPU
		{6F7EC239-9684-4FD2-BA60-60B4B21FC2BC}.Release|x64.ActiveCfg = Release|Any CPU
		{6F7EC239-9684-4FD2-BA60-60B4B21FC2BC}.Release|x64.Build.0 = Release|Any CPU
		{6F7EC239-9684-4FD2-BA60-60B4B21FC2BC}.Release|x86.ActiveCfg = Release|Any CPU
		{6F7EC239-9684-4FD2-BA60-60B4B21FC2BC}.Release|x86.Build.0 = Release|Any CPU
		{905F50E1-8FD5-4374-B9B0-F06C8663620F}.Debug|Any CPU.ActiveCfg = Debug|Any CPU
		{905F50E1-8FD5-4374-B9B0-F06C8663620F}.Debug|Any CPU.Build.0 = Debug|Any CPU
		{905F50E1-8FD5-4374-B9B0-F06C8663620F}.Debug|x64.ActiveCfg = Debug|Any CPU
		{905F50E1-8FD5-4374-B9B0-F06C8663620F}.Debug|x64.Build.0 = Debug|Any CPU
		{905F50E1-8FD5-4374-B9B0-F06C8663620F}.Debug|x86.ActiveCfg = Debug|Any CPU
		{905F50E1-8FD5-4374-B9B0-F06C8663620F}.Debug|x86.Build.0 = Debug|Any CPU
		{905F50E1-8FD5-4374-B9B0-F06C8663620F}.Release|Any CPU.ActiveCfg = Release|Any CPU
		{905F50E1-8FD5-4374-B9B0-F06C8663620F}.Release|Any CPU.Build.0 = Release|Any CPU
		{905F50E1-8FD5-4374-B9B0-F06C8663620F}.Release|x64.ActiveCfg = Release|Any CPU
		{905F50E1-8FD5-4374-B9B0-F06C8663620F}.Release|x64.Build.0 = Release|Any CPU
		{905F50E1-8FD5-4374-B9B0-F06C8663620F}.Release|x86.ActiveCfg = Release|Any CPU
		{905F50E1-8FD5-4374-B9B0-F06C8663620F}.Release|x86.Build.0 = Release|Any CPU
		{2F3DC4D7-EC5C-417C-8A87-EC1A71C1F57D}.Debug|Any CPU.ActiveCfg = Debug|Any CPU
		{2F3DC4D7-EC5C-417C-8A87-EC1A71C1F57D}.Debug|Any CPU.Build.0 = Debug|Any CPU
		{2F3DC4D7-EC5C-417C-8A87-EC1A71C1F57D}.Debug|x64.ActiveCfg = Debug|Any CPU
		{2F3DC4D7-EC5C-417C-8A87-EC1A71C1F57D}.Debug|x64.Build.0 = Debug|Any CPU
		{2F3DC4D7-EC5C-417C-8A87-EC1A71C1F57D}.Debug|x86.ActiveCfg = Debug|Any CPU
		{2F3DC4D7-EC5C-417C-8A87-EC1A71C1F57D}.Debug|x86.Build.0 = Debug|Any CPU
		{2F3DC4D7-EC5C-417C-8A87-EC1A71C1F57D}.Release|Any CPU.ActiveCfg = Release|Any CPU
		{2F3DC4D7-EC5C-417C-8A87-EC1A71C1F57D}.Release|Any CPU.Build.0 = Release|Any CPU
		{2F3DC4D7-EC5C-417C-8A87-EC1A71C1F57D}.Release|x64.ActiveCfg = Release|Any CPU
		{2F3DC4D7-EC5C-417C-8A87-EC1A71C1F57D}.Release|x64.Build.0 = Release|Any CPU
		{2F3DC4D7-EC5C-417C-8A87-EC1A71C1F57D}.Release|x86.ActiveCfg = Release|Any CPU
		{2F3DC4D7-EC5C-417C-8A87-EC1A71C1F57D}.Release|x86.Build.0 = Release|Any CPU
		{31FF0D2C-F341-4FF5-99DF-C2911C5D56F6}.Debug|Any CPU.ActiveCfg = Debug|Any CPU
		{31FF0D2C-F341-4FF5-99DF-C2911C5D56F6}.Debug|Any CPU.Build.0 = Debug|Any CPU
		{31FF0D2C-F341-4FF5-99DF-C2911C5D56F6}.Debug|x64.ActiveCfg = Debug|Any CPU
		{31FF0D2C-F341-4FF5-99DF-C2911C5D56F6}.Debug|x64.Build.0 = Debug|Any CPU
		{31FF0D2C-F341-4FF5-99DF-C2911C5D56F6}.Debug|x86.ActiveCfg = Debug|Any CPU
		{31FF0D2C-F341-4FF5-99DF-C2911C5D56F6}.Debug|x86.Build.0 = Debug|Any CPU
		{31FF0D2C-F341-4FF5-99DF-C2911C5D56F6}.Release|Any CPU.ActiveCfg = Release|Any CPU
		{31FF0D2C-F341-4FF5-99DF-C2911C5D56F6}.Release|Any CPU.Build.0 = Release|Any CPU
		{31FF0D2C-F341-4FF5-99DF-C2911C5D56F6}.Release|x64.ActiveCfg = Release|Any CPU
		{31FF0D2C-F341-4FF5-99DF-C2911C5D56F6}.Release|x64.Build.0 = Release|Any CPU
		{31FF0D2C-F341-4FF5-99DF-C2911C5D56F6}.Release|x86.ActiveCfg = Release|Any CPU
		{31FF0D2C-F341-4FF5-99DF-C2911C5D56F6}.Release|x86.Build.0 = Release|Any CPU
		{A1F4C090-7688-47C7-9312-E5A3E8F3AD6B}.Debug|Any CPU.ActiveCfg = Debug|Any CPU
		{A1F4C090-7688-47C7-9312-E5A3E8F3AD6B}.Debug|Any CPU.Build.0 = Debug|Any CPU
		{A1F4C090-7688-47C7-9312-E5A3E8F3AD6B}.Debug|x64.ActiveCfg = Debug|Any CPU
		{A1F4C090-7688-47C7-9312-E5A3E8F3AD6B}.Debug|x64.Build.0 = Debug|Any CPU
		{A1F4C090-7688-47C7-9312-E5A3E8F3AD6B}.Debug|x86.ActiveCfg = Debug|Any CPU
		{A1F4C090-7688-47C7-9312-E5A3E8F3AD6B}.Debug|x86.Build.0 = Debug|Any CPU
		{A1F4C090-7688-47C7-9312-E5A3E8F3AD6B}.Release|Any CPU.ActiveCfg = Release|Any CPU
		{A1F4C090-7688-47C7-9312-E5A3E8F3AD6B}.Release|Any CPU.Build.0 = Release|Any CPU
		{A1F4C090-7688-47C7-9312-E5A3E8F3AD6B}.Release|x64.ActiveCfg = Release|Any CPU
		{A1F4C090-7688-47C7-9312-E5A3E8F3AD6B}.Release|x64.Build.0 = Release|Any CPU
		{A1F4C090-7688-47C7-9312-E5A3E8F3AD6B}.Release|x86.ActiveCfg = Release|Any CPU
		{A1F4C090-7688-47C7-9312-E5A3E8F3AD6B}.Release|x86.Build.0 = Release|Any CPU
		{4B8D6581-423C-4954-BD71-7EA80EE5FE0D}.Debug|Any CPU.ActiveCfg = Debug|Any CPU
		{4B8D6581-423C-4954-BD71-7EA80EE5FE0D}.Debug|Any CPU.Build.0 = Debug|Any CPU
		{4B8D6581-423C-4954-BD71-7EA80EE5FE0D}.Debug|x64.ActiveCfg = Debug|Any CPU
		{4B8D6581-423C-4954-BD71-7EA80EE5FE0D}.Debug|x64.Build.0 = Debug|Any CPU
		{4B8D6581-423C-4954-BD71-7EA80EE5FE0D}.Debug|x86.ActiveCfg = Debug|Any CPU
		{4B8D6581-423C-4954-BD71-7EA80EE5FE0D}.Debug|x86.Build.0 = Debug|Any CPU
		{4B8D6581-423C-4954-BD71-7EA80EE5FE0D}.Release|Any CPU.ActiveCfg = Release|Any CPU
		{4B8D6581-423C-4954-BD71-7EA80EE5FE0D}.Release|Any CPU.Build.0 = Release|Any CPU
		{4B8D6581-423C-4954-BD71-7EA80EE5FE0D}.Release|x64.ActiveCfg = Release|Any CPU
		{4B8D6581-423C-4954-BD71-7EA80EE5FE0D}.Release|x64.Build.0 = Release|Any CPU
		{4B8D6581-423C-4954-BD71-7EA80EE5FE0D}.Release|x86.ActiveCfg = Release|Any CPU
		{4B8D6581-423C-4954-BD71-7EA80EE5FE0D}.Release|x86.Build.0 = Release|Any CPU
	EndGlobalSection
	GlobalSection(SolutionProperties) = preSolution
		HideSolutionNode = FALSE
	EndGlobalSection
	GlobalSection(NestedProjects) = preSolution
		{A40AAD56-58C8-486D-A9BE-21FFF87A806D} = {08511E73-2B70-8AF2-FBA3-1C562E86FCCC}
		{9A3A4955-ED5E-4DE8-A516-1A953543E7C6} = {08511E73-2B70-8AF2-FBA3-1C562E86FCCC}
		{F5CC958F-DBBD-4703-A207-2896C315344C} = {08511E73-2B70-8AF2-FBA3-1C562E86FCCC}
		{36012A89-DEB7-49AF-AA8F-2C0B1C3289BF} = {B8143BEF-6B1B-A401-B37D-E353F092D059}
		{6F7EC239-9684-4FD2-BA60-60B4B21FC2BC} = {D1C71A15-47CF-88DA-8B2E-51BCE58FAE6A}
		{905F50E1-8FD5-4374-B9B0-F06C8663620F} = {D1C71A15-47CF-88DA-8B2E-51BCE58FAE6A}
		{2F3DC4D7-EC5C-417C-8A87-EC1A71C1F57D} = {D1C71A15-47CF-88DA-8B2E-51BCE58FAE6A}
		{31FF0D2C-F341-4FF5-99DF-C2911C5D56F6} = {D1C71A15-47CF-88DA-8B2E-51BCE58FAE6A}
		{A1F4C090-7688-47C7-9312-E5A3E8F3AD6B} = {D1C71A15-47CF-88DA-8B2E-51BCE58FAE6A}
		{4B8D6581-423C-4954-BD71-7EA80EE5FE0D} = {D1C71A15-47CF-88DA-8B2E-51BCE58FAE6A}
	EndGlobalSection
	GlobalSection(ExtensibilityGlobals) = postSolution
		SolutionGuid = {F13DE1A5-3CB3-46E8-943F-AF9ED5EFD30D}
	EndGlobalSection
EndGlobal
